lockfileVersion: '6.0'

dependencies:
  monaco-editor:
    specifier: 0.36.1
    version: 0.36.1
  monaco-languageclient:
    specifier: ^5.0.1
    version: 5.0.1(@codingame/monaco-vscode-api@1.76.9)
  next:
    specifier: 13.3.0
    version: 13.3.0(react-dom@18.2.0)(react@18.2.0)
  react:
    specifier: 18.2.0
    version: 18.2.0
  react-dom:
    specifier: 18.2.0
    version: 18.2.0(react@18.2.0)
  vscode:
    specifier: npm:@codingame/monaco-vscode-api@~1.76.6
    version: /@codingame/monaco-vscode-api@1.76.9(monaco-editor@0.36.1)(vscode-oniguruma@1.7.0)(vscode-textmate@9.0.0)
  vscode-jsonrpc:
    specifier: 8.1.0
    version: 8.1.0
  vscode-languageclient:
    specifier: 8.1.0
    version: 8.1.0

devDependencies:
  monaco-editor-webpack-plugin:
    specifier: ^7.0.1
    version: 7.0.1(monaco-editor@0.36.1)(webpack@5.79.0)

packages:

  /@codingame/monaco-vscode-api@1.76.9(monaco-editor@0.36.1)(vscode-oniguruma@1.7.0)(vscode-textmate@9.0.0):
    resolution: {integrity: sha512-CF/9Ay6qJa0jrftxD1o+HBEy0gMVECN5P7oz3XPeX20Eg22OdI1TUvN/0iZ9ZMOWvkAoRWFBUHUrqdAYzj7oVw==}
    peerDependencies:
      monaco-editor: ~0.36.1
      vscode-oniguruma: ^1.7.0
      vscode-textmate: ^9.0.0
    dependencies:
      monaco-editor: 0.36.1
      vscode-oniguruma: 1.7.0
      vscode-textmate: 9.0.0
    dev: false

  /@jridgewell/gen-mapping@0.3.3:
    resolution: {integrity: sha512-HLhSWOLRi875zjjMG/r+Nv0oCW8umGb0BgEhyX3dDX3egwZtB8PqLnjz3yedt8R5StBrzcg4aBpnh8UA9D1BoQ==}
    engines: {node: '>=6.0.0'}
    dependencies:
      '@jridgewell/set-array': 1.1.2
      '@jridgewell/sourcemap-codec': 1.4.15
      '@jridgewell/trace-mapping': 0.3.18
    dev: true

  /@jridgewell/resolve-uri@3.1.0:
    resolution: {integrity: sha512-F2msla3tad+Mfht5cJq7LSXcdudKTWCVYUgw6pLFOOHSTtZlj6SWNYAp+AhuqLmWdBO2X5hPrLcu8cVP8fy28w==}
    engines: {node: '>=6.0.0'}
    dev: true

  /@jridgewell/set-array@1.1.2:
    resolution: {integrity: sha512-xnkseuNADM0gt2bs+BvhO0p78Mk762YnZdsuzFV018NoG1Sj1SCQvpSqa7XUaTam5vAGasABV9qXASMKnFMwMw==}
    engines: {node: '>=6.0.0'}
    dev: true

  /@jridgewell/source-map@0.3.3:
    resolution: {integrity: sha512-b+fsZXeLYi9fEULmfBrhxn4IrPlINf8fiNarzTof004v3lFdntdwa9PF7vFJqm3mg7s+ScJMxXaE3Acp1irZcg==}
    dependencies:
      '@jridgewell/gen-mapping': 0.3.3
      '@jridgewell/trace-mapping': 0.3.18
    dev: true

  /@jridgewell/sourcemap-codec@1.4.14:
    resolution: {integrity: sha512-XPSJHWmi394fuUuzDnGz1wiKqWfo1yXecHQMRf2l6hztTO+nPru658AyDngaBe7isIxEkRsPR3FZh+s7iVa4Uw==}
    dev: true

  /@jridgewell/sourcemap-codec@1.4.15:
    resolution: {integrity: sha512-eF2rxCRulEKXHTRiDrDy6erMYWqNw4LPdQ8UQA4huuxaQsVeRPFl2oM8oDGxMFhJUWZf9McpLtJasDDZb/Bpeg==}
    dev: true

  /@jridgewell/trace-mapping@0.3.18:
    resolution: {integrity: sha512-w+niJYzMHdd7USdiH2U6869nqhD2nbfZXND5Yp93qIbEmnDNk7PD48o+YchRVpzMU7M6jVCbenTR7PA1FLQ9pA==}
    dependencies:
      '@jridgewell/resolve-uri': 3.1.0
      '@jridgewell/sourcemap-codec': 1.4.14
    dev: true

  /@next/env@13.3.0:
    resolution: {integrity: sha512-AjppRV4uG3No7L1plinoTQETH+j2F10TEnrMfzbTUYwze5sBUPveeeBAPZPm8OkJZ1epq9OyYKhZrvbD6/9HCQ==}
    dev: false

  /@next/swc-darwin-arm64@13.3.0:
    resolution: {integrity: sha512-DmIQCNq6JtccLPPBzf0dgh2vzMWt5wjxbP71pCi5EWpWYE3MsP6FcRXi4MlAmFNDQOfcFXR2r7kBeG1LpZUh1w==}
    engines: {node: '>= 10'}
    cpu: [arm64]
    os: [darwin]
    requiresBuild: true
    dev: false
    optional: true

  /@next/swc-darwin-x64@13.3.0:
    resolution: {integrity: sha512-oQoqFa88OGgwnYlnAGHVct618FRI/749se0N3S8t9Bzdv5CRbscnO0RcX901+YnNK4Q6yeiizfgO3b7kogtsZg==}
    engines: {node: '>= 10'}
    cpu: [x64]
    os: [darwin]
    requiresBuild: true
    dev: false
    optional: true

  /@next/swc-linux-arm64-gnu@13.3.0:
    resolution: {integrity: sha512-Wzz2p/WqAJUqTVoLo6H18WMeAXo3i+9DkPDae4oQG8LMloJ3if4NEZTnOnTUlro6cq+S/W4pTGa97nWTrOjbGw==}
    engines: {node: '>= 10'}
    cpu: [arm64]
    os: [linux]
    requiresBuild: true
    dev: false
    optional: true

  /@next/swc-linux-arm64-musl@13.3.0:
    resolution: {integrity: sha512-xPVrIQOQo9WXJYgmoTlMnAD/HlR/1e1ZIWGbwIzEirXBVBqMARUulBEIKdC19zuvoJ477qZJgBDCKtKEykCpyQ==}
    engines: {node: '>= 10'}
    cpu: [arm64]
    os: [linux]
    requiresBuild: true
    dev: false
    optional: true

  /@next/swc-linux-x64-gnu@13.3.0:
    resolution: {integrity: sha512-jOFlpGuPD7W2tuXVJP4wt9a3cpNxWAPcloq5EfMJRiXsBBOjLVFZA7boXYxEBzSVgUiVVr1V9T0HFM7pULJ1qA==}
    engines: {node: '>= 10'}
    cpu: [x64]
    os: [linux]
    requiresBuild: true
    dev: false
    optional: true

  /@next/swc-linux-x64-musl@13.3.0:
    resolution: {integrity: sha512-2OwKlzaBgmuet9XYHc3KwsEilzb04F540rlRXkAcjMHL7eCxB7uZIGtsVvKOnQLvC/elrUegwSw1+5f7WmfyOw==}
    engines: {node: '>= 10'}
    cpu: [x64]
    os: [linux]
    requiresBuild: true
    dev: false
    optional: true

  /@next/swc-win32-arm64-msvc@13.3.0:
    resolution: {integrity: sha512-OeHiA6YEvndxT46g+rzFK/MQTfftKxJmzslERMu9LDdC6Kez0bdrgEYed5eXFK2Z1viKZJCGRlhd06rBusyztA==}
    engines: {node: '>= 10'}
    cpu: [arm64]
    os: [win32]
    requiresBuild: true
    dev: false
    optional: true

  /@next/swc-win32-ia32-msvc@13.3.0:
    resolution: {integrity: sha512-4aB7K9mcVK1lYEzpOpqWrXHEZympU3oK65fnNcY1Qc4HLJFLJj8AViuqQd4jjjPNuV4sl8jAwTz3gN5VNGWB7w==}
    engines: {node: '>= 10'}
    cpu: [ia32]
    os: [win32]
    requiresBuild: true
    dev: false
    optional: true

  /@next/swc-win32-x64-msvc@13.3.0:
    resolution: {integrity: sha512-Reer6rkLLcoOvB0dd66+Y7WrWVFH7sEEkF/4bJCIfsSKnTStTYaHtwIJAwbqnt9I392Tqvku0KkoqZOryWV9LQ==}
    engines: {node: '>= 10'}
    cpu: [x64]
    os: [win32]
    requiresBuild: true
    dev: false
    optional: true

  /@swc/helpers@0.4.14:
    resolution: {integrity: sha512-4C7nX/dvpzB7za4Ql9K81xK3HPxCpHMgwTZVyf+9JQ6VUbn9jjZVN7/Nkdz/Ugzs2CSjqnL/UPXroiVBVHUWUw==}
    dependencies:
      tslib: 2.5.0
    dev: false

  /@types/eslint-scope@3.7.4:
    resolution: {integrity: sha512-9K4zoImiZc3HlIp6AVUDE4CWYx22a+lhSZMYNpbjW04+YF0KWj4pJXnEMjdnFTiQibFFmElcsasJXDbdI/EPhA==}
    dependencies:
      '@types/eslint': 8.37.0
      '@types/estree': 1.0.1
    dev: true

  /@types/eslint@8.37.0:
    resolution: {integrity: sha512-Piet7dG2JBuDIfohBngQ3rCt7MgO9xCO4xIMKxBThCq5PNRB91IjlJ10eJVwfoNtvTErmxLzwBZ7rHZtbOMmFQ==}
    dependencies:
      '@types/estree': 1.0.1
      '@types/json-schema': 7.0.11
    dev: true

  /@types/estree@1.0.1:
    resolution: {integrity: sha512-LG4opVs2ANWZ1TJoKc937iMmNstM/d0ae1vNbnBvBhqCSezgVUOzcLCqbI5elV8Vy6WKwKjaqR+zO9VKirBBCA==}
    dev: true

  /@types/json-schema@7.0.11:
    resolution: {integrity: sha512-wOuvG1SN4Us4rez+tylwwwCV1psiNVOkJeM3AUWUNWg/jDQY2+HE/444y5gc+jBmRqASOm2Oeh5c1axHobwRKQ==}
    dev: true

  /@types/node@18.15.11:
    resolution: {integrity: sha512-E5Kwq2n4SbMzQOn6wnmBjuK9ouqlURrcZDVfbo9ftDDTFt3nk7ZKK4GMOzoYgnpQJKcxwQw+lGaBvvlMo0qN/Q==}
    dev: true

  /@webassemblyjs/ast@1.11.1:
    resolution: {integrity: sha512-ukBh14qFLjxTQNTXocdyksN5QdM28S1CxHt2rdskFyL+xFV7VremuBLVbmCePj+URalXBENx/9Lm7lnhihtCSw==}
    dependencies:
      '@webassemblyjs/helper-numbers': 1.11.1
      '@webassemblyjs/helper-wasm-bytecode': 1.11.1
    dev: true

  /@webassemblyjs/floating-point-hex-parser@1.11.1:
    resolution: {integrity: sha512-iGRfyc5Bq+NnNuX8b5hwBrRjzf0ocrJPI6GWFodBFzmFnyvrQ83SHKhmilCU/8Jv67i4GJZBMhEzltxzcNagtQ==}
    dev: true

  /@webassemblyjs/helper-api-error@1.11.1:
    resolution: {integrity: sha512-RlhS8CBCXfRUR/cwo2ho9bkheSXG0+NwooXcc3PAILALf2QLdFyj7KGsKRbVc95hZnhnERon4kW/D3SZpp6Tcg==}
    dev: true

  /@webassemblyjs/helper-buffer@1.11.1:
    resolution: {integrity: sha512-gwikF65aDNeeXa8JxXa2BAk+REjSyhrNC9ZwdT0f8jc4dQQeDQ7G4m0f2QCLPJiMTTO6wfDmRmj/pW0PsUvIcA==}
    dev: true

  /@webassemblyjs/helper-numbers@1.11.1:
    resolution: {integrity: sha512-vDkbxiB8zfnPdNK9Rajcey5C0w+QJugEglN0of+kmO8l7lDb77AnlKYQF7aarZuCrv+l0UvqL+68gSDr3k9LPQ==}
    dependencies:
      '@webassemblyjs/floating-point-hex-parser': 1.11.1
      '@webassemblyjs/helper-api-error': 1.11.1
      '@xtuc/long': 4.2.2
    dev: true

  /@webassemblyjs/helper-wasm-bytecode@1.11.1:
    resolution: {integrity: sha512-PvpoOGiJwXeTrSf/qfudJhwlvDQxFgelbMqtq52WWiXC6Xgg1IREdngmPN3bs4RoO83PnL/nFrxucXj1+BX62Q==}
    dev: true

  /@webassemblyjs/helper-wasm-section@1.11.1:
    resolution: {integrity: sha512-10P9No29rYX1j7F3EVPX3JvGPQPae+AomuSTPiF9eBQeChHI6iqjMIwR9JmOJXwpnn/oVGDk7I5IlskuMwU/pg==}
    dependencies:
      '@webassemblyjs/ast': 1.11.1
      '@webassemblyjs/helper-buffer': 1.11.1
      '@webassemblyjs/helper-wasm-bytecode': 1.11.1
      '@webassemblyjs/wasm-gen': 1.11.1
    dev: true

  /@webassemblyjs/ieee754@1.11.1:
    resolution: {integrity: sha512-hJ87QIPtAMKbFq6CGTkZYJivEwZDbQUgYd3qKSadTNOhVY7p+gfP6Sr0lLRVTaG1JjFj+r3YchoqRYxNH3M0GQ==}
    dependencies:
      '@xtuc/ieee754': 1.2.0
    dev: true

  /@webassemblyjs/leb128@1.11.1:
    resolution: {integrity: sha512-BJ2P0hNZ0u+Th1YZXJpzW6miwqQUGcIHT1G/sf72gLVD9DZ5AdYTqPNbHZh6K1M5VmKvFXwGSWZADz+qBWxeRw==}
    dependencies:
      '@xtuc/long': 4.2.2
    dev: true

  /@webassemblyjs/utf8@1.11.1:
    resolution: {integrity: sha512-9kqcxAEdMhiwQkHpkNiorZzqpGrodQQ2IGrHHxCy+Ozng0ofyMA0lTqiLkVs1uzTRejX+/O0EOT7KxqVPuXosQ==}
    dev: true

  /@webassemblyjs/wasm-edit@1.11.1:
    resolution: {integrity: sha512-g+RsupUC1aTHfR8CDgnsVRVZFJqdkFHpsHMfJuWQzWU3tvnLC07UqHICfP+4XyL2tnr1amvl1Sdp06TnYCmVkA==}
    dependencies:
      '@webassemblyjs/ast': 1.11.1
      '@webassemblyjs/helper-buffer': 1.11.1
      '@webassemblyjs/helper-wasm-bytecode': 1.11.1
      '@webassemblyjs/helper-wasm-section': 1.11.1
      '@webassemblyjs/wasm-gen': 1.11.1
      '@webassemblyjs/wasm-opt': 1.11.1
      '@webassemblyjs/wasm-parser': 1.11.1
      '@webassemblyjs/wast-printer': 1.11.1
    dev: true

  /@webassemblyjs/wasm-gen@1.11.1:
    resolution: {integrity: sha512-F7QqKXwwNlMmsulj6+O7r4mmtAlCWfO/0HdgOxSklZfQcDu0TpLiD1mRt/zF25Bk59FIjEuGAIyn5ei4yMfLhA==}
    dependencies:
      '@webassemblyjs/ast': 1.11.1
      '@webassemblyjs/helper-wasm-bytecode': 1.11.1
      '@webassemblyjs/ieee754': 1.11.1
      '@webassemblyjs/leb128': 1.11.1
      '@webassemblyjs/utf8': 1.11.1
    dev: true

  /@webassemblyjs/wasm-opt@1.11.1:
    resolution: {integrity: sha512-VqnkNqnZlU5EB64pp1l7hdm3hmQw7Vgqa0KF/KCNO9sIpI6Fk6brDEiX+iCOYrvMuBWDws0NkTOxYEb85XQHHw==}
    dependencies:
      '@webassemblyjs/ast': 1.11.1
      '@webassemblyjs/helper-buffer': 1.11.1
      '@webassemblyjs/wasm-gen': 1.11.1
      '@webassemblyjs/wasm-parser': 1.11.1
    dev: true

  /@webassemblyjs/wasm-parser@1.11.1:
    resolution: {integrity: sha512-rrBujw+dJu32gYB7/Lup6UhdkPx9S9SnobZzRVL7VcBH9Bt9bCBLEuX/YXOOtBsOZ4NQrRykKhffRWHvigQvOA==}
    dependencies:
      '@webassemblyjs/ast': 1.11.1
      '@webassemblyjs/helper-api-error': 1.11.1
      '@webassemblyjs/helper-wasm-bytecode': 1.11.1
      '@webassemblyjs/ieee754': 1.11.1
      '@webassemblyjs/leb128': 1.11.1
      '@webassemblyjs/utf8': 1.11.1
    dev: true

  /@webassemblyjs/wast-printer@1.11.1:
    resolution: {integrity: sha512-IQboUWM4eKzWW+N/jij2sRatKMh99QEelo3Eb2q0qXkvPRISAj8Qxtmw5itwqK+TTkBuUIE45AxYPToqPtL5gg==}
    dependencies:
      '@webassemblyjs/ast': 1.11.1
      '@xtuc/long': 4.2.2
    dev: true

  /@xtuc/ieee754@1.2.0:
    resolution: {integrity: sha512-DX8nKgqcGwsc0eJSqYt5lwP4DH5FlHnmuWWBRy7X0NcaGR0ZtuyeESgMwTYVEtxmsNGY+qit4QYT/MIYTOTPeA==}
    dev: true

  /@xtuc/long@4.2.2:
    resolution: {integrity: sha512-NuHqBY1PB/D8xU6s/thBgOAiAP7HOYDQ32+BFZILJ8ivkUkAHQnWfn6WhL79Owj1qmUnoN/YPhktdIoucipkAQ==}
    dev: true

  /acorn-import-assertions@1.8.0(acorn@8.8.2):
    resolution: {integrity: sha512-m7VZ3jwz4eK6A4Vtt8Ew1/mNbP24u0FhdyfA7fSvnJR6LMdfOYnmuIrrJAgrYfYJ10F/otaHTtrtrtmHdMNzEw==}
    peerDependencies:
      acorn: ^8
    dependencies:
      acorn: 8.8.2
    dev: true

  /acorn@8.8.2:
    resolution: {integrity: sha512-xjIYgE8HBrkpd/sJqOGNspf8uHG+NOHGOw6a/Urj8taM2EXfdNAH2oFcPeIFfsv3+kz/mJrS5VuMqbNLjCa2vw==}
    engines: {node: '>=0.4.0'}
    hasBin: true
    dev: true

  /ajv-keywords@3.5.2(ajv@6.12.6):
    resolution: {integrity: sha512-5p6WTN0DdTGVQk6VjcEju19IgaHudalcfabD7yhDGeA6bcQnmL+CpveLJq/3hvfwd1aof6L386Ougkx6RfyMIQ==}
    peerDependencies:
      ajv: ^6.9.1
    dependencies:
      ajv: 6.12.6
    dev: true

  /ajv@6.12.6:
    resolution: {integrity: sha512-j3fVLgvTo527anyYyJOGTYJbG+vnnQYvE0m5mmkc1TK+nxAppkCLMIL0aZ4dblVCNoGShhm+kzE4ZUykBoMg4g==}
    dependencies:
      fast-deep-equal: 3.1.3
      fast-json-stable-stringify: 2.1.0
      json-schema-traverse: 0.4.1
      uri-js: 4.4.1
    dev: true

  /balanced-match@1.0.2:
    resolution: {integrity: sha512-3oSeUO0TMV67hN1AmbXsK4yaqU7tjiHlbxRDZOpH0KW9+CeX4bRAaX0Anxt0tx2MrpRpWwQaPwIlISEJhYU5Pw==}
    dev: false

  /big.js@5.2.2:
    resolution: {integrity: sha512-vyL2OymJxmarO8gxMr0mhChsO9QGwhynfuu4+MHTAW6czfq9humCB7rKpUjDd9YUiDPU4mzpyupFSvOClAwbmQ==}
    dev: true

  /brace-expansion@2.0.1:
    resolution: {integrity: sha512-XnAIvQ8eM+kC6aULx6wuQiwVsnzsi9d3WxzV3FpWTGA19F621kwdbsAcFKXgKUHZWsy+mY6iL1sHTxWEFCytDA==}
    dependencies:
      balanced-match: 1.0.2
    dev: false

  /browserslist@4.21.5:
    resolution: {integrity: sha512-tUkiguQGW7S3IhB7N+c2MV/HZPSCPAAiYBZXLsBhFB/PCy6ZKKsZrmBayHV9fdGV/ARIfJ14NkxKzRDjvp7L6w==}
    engines: {node: ^6 || ^7 || ^8 || ^9 || ^10 || ^11 || ^12 || >=13.7}
    hasBin: true
    dependencies:
      caniuse-lite: 1.0.30001480
      electron-to-chromium: 1.4.368
      node-releases: 2.0.10
      update-browserslist-db: 1.0.11(browserslist@4.21.5)
    dev: true

  /buffer-from@1.1.2:
    resolution: {integrity: sha512-E+XQCRwSbaaiChtv6k6Dwgc+bx+Bs6vuKJHHl5kox/BaKbhiXzqQOwK4cO22yElGp2OCmjwVhT3HmxgyPGnJfQ==}
    dev: true

  /busboy@1.6.0:
    resolution: {integrity: sha512-8SFQbg/0hQ9xy3UNTB0YEnsNBbWfhf7RtnzpL7TkBiTBRfrQ9Fxcnz7VJsleJpyp6rVLvXiuORqjlHi5q+PYuA==}
    engines: {node: '>=10.16.0'}
    dependencies:
      streamsearch: 1.1.0
    dev: false

  /caniuse-lite@1.0.30001480:
    resolution: {integrity: sha512-q7cpoPPvZYgtyC4VaBSN0Bt+PJ4c4EYRf0DrduInOz2SkFpHD5p3LnvEpqBp7UnJn+8x1Ogl1s38saUxe+ihQQ==}

  /chrome-trace-event@1.0.3:
    resolution: {integrity: sha512-p3KULyQg4S7NIHixdwbGX+nFHkoBiA4YQmyWtjb8XngSKV124nJmRysgAeujbUVb15vh+RvFUfCPqU7rXk+hZg==}
    engines: {node: '>=6.0'}
    dev: true

  /client-only@0.0.1:
    resolution: {integrity: sha512-IV3Ou0jSMzZrd3pZ48nLkT9DA7Ag1pnPzaiQhpW7c3RbcqqzvzzVu+L8gfqMp/8IM2MQtSiqaCxrrcfu8I8rMA==}
    dev: false

  /commander@2.20.3:
    resolution: {integrity: sha512-GpVkmM8vF2vQUkj2LvZmD35JxeJOLCwJ9cUkugyk2nuhbv3+mJvpLYYt+0+USMxE+oj+ey/lJEnhZw75x/OMcQ==}
    dev: true

  /electron-to-chromium@1.4.368:
    resolution: {integrity: sha512-e2aeCAixCj9M7nJxdB/wDjO6mbYX+lJJxSJCXDzlr5YPGYVofuJwGN9nKg2o6wWInjX6XmxRinn3AeJMK81ltw==}
    dev: true

  /emojis-list@3.0.0:
    resolution: {integrity: sha512-/kyM18EfinwXZbno9FyUGeFh87KC8HRQBQGildHZbEuRyWFOmv1U10o9BBp8XVZDVNNuQKyIGIu5ZYAAXJ0V2Q==}
    engines: {node: '>= 4'}
    dev: true

  /enhanced-resolve@5.12.0:
    resolution: {integrity: sha512-QHTXI/sZQmko1cbDoNAa3mJ5qhWUUNAq3vR0/YiD379fWQrcfuoX1+HW2S0MTt7XmoPLapdaDKUtelUSPic7hQ==}
    engines: {node: '>=10.13.0'}
    dependencies:
      graceful-fs: 4.2.11
      tapable: 2.2.1
    dev: true

  /es-module-lexer@1.2.1:
    resolution: {integrity: sha512-9978wrXM50Y4rTMmW5kXIC09ZdXQZqkE4mxhwkd8VbzsGkXGPgV4zWuqQJgCEzYngdo2dYDa0l8xhX4fkSwJSg==}
    dev: true

  /escalade@3.1.1:
    resolution: {integrity: sha512-k0er2gUkLf8O0zKJiAhmkTnJlTvINGv7ygDNPbeIsX/TJjGJZHuh9B2UxbsaEkmlEo9MfhrSzmhIlhRlI2GXnw==}
    engines: {node: '>=6'}
    dev: true

  /eslint-scope@5.1.1:
    resolution: {integrity: sha512-2NxwbF/hZ0KpepYN0cNbo+FN6XoK7GaHlQhgx/hIZl6Va0bF45RQOOwhLIy8lQDbuCiadSLCBnH2CFYquit5bw==}
    engines: {node: '>=8.0.0'}
    dependencies:
      esrecurse: 4.3.0
      estraverse: 4.3.0
    dev: true

  /esrecurse@4.3.0:
    resolution: {integrity: sha512-KmfKL3b6G+RXvP8N1vr3Tq1kL/oCFgn2NYXEtqP8/L3pKapUA4G8cFVaoF3SU323CD4XypR/ffioHmkti6/Tag==}
    engines: {node: '>=4.0'}
    dependencies:
      estraverse: 5.3.0
    dev: true

  /estraverse@4.3.0:
    resolution: {integrity: sha512-39nnKffWz8xN1BU/2c79n9nB9HDzo0niYUqx6xyqUnyoAnQyyWpOTdZEeiCch8BBu515t4wp9ZmgVfVhn9EBpw==}
    engines: {node: '>=4.0'}
    dev: true

  /estraverse@5.3.0:
    resolution: {integrity: sha512-MMdARuVEQziNTeJD8DgMqmhwR11BRQ/cBP+pLtYdSTnf3MIO8fFeiINEbX36ZdNlfU/7A9f3gUw49B3oQsvwBA==}
    engines: {node: '>=4.0'}
    dev: true

  /events@3.3.0:
    resolution: {integrity: sha512-mQw+2fkQbALzQ7V0MY0IqdnXNOeTtP4r0lN9z7AAawCXgqea7bDii20AYrIBrFd/Hx0M2Ocz6S111CaFkUcb0Q==}
    engines: {node: '>=0.8.x'}
    dev: true

  /fast-deep-equal@3.1.3:
    resolution: {integrity: sha512-f3qQ9oQy9j2AhBe/H9VC91wLmKBCCU/gDOnKNAYG5hswO7BLKj09Hc5HYNz9cGI++xlpDCIgDaitVs03ATR84Q==}
    dev: true

  /fast-json-stable-stringify@2.1.0:
    resolution: {integrity: sha512-lhd/wF+Lk98HZoTCtlVraHtfh5XYijIjalXck7saUtuanSDyLMxnHhSXEDJqHxD7msR8D0uCmqlkwjCV8xvwHw==}
    dev: true

  /glob-to-regexp@0.4.1:
    resolution: {integrity: sha512-lkX1HJXwyMcprw/5YUZc2s7DrpAiHB21/V+E1rHUrVNokkvB6bqMzT0VfV6/86ZNabt1k14YOIaT7nDvOX3Iiw==}
    dev: true

  /graceful-fs@4.2.11:
    resolution: {integrity: sha512-RbJ5/jmFcNNCcDV5o9eTnBLJ/HszWV0P73bc+Ff4nS/rJj+YaS6IGyiOL0VoBYX+l1Wrl3k63h/KrH+nhJ0XvQ==}
    dev: true

  /has-flag@4.0.0:
    resolution: {integrity: sha512-EykJT/Q1KjTWctppgIAgfSO0tKVuZUjhgMr17kqTumMl6Afv3EISleU7qZUzoXDFTAHTDC4NOoG/ZxU3EvlMPQ==}
    engines: {node: '>=8'}
    dev: true

  /jest-worker@27.5.1:
    resolution: {integrity: sha512-7vuh85V5cdDofPyxn58nrPjBktZo0u9x1g8WtjQol+jZDaE+fhN+cIvTj11GndBnMnyfrUOG1sZQxCdjKh+DKg==}
    engines: {node: '>= 10.13.0'}
    dependencies:
      '@types/node': 18.15.11
      merge-stream: 2.0.0
      supports-color: 8.1.1
    dev: true

  /js-tokens@4.0.0:
    resolution: {integrity: sha512-RdJUflcE3cUzKiMqQgsCu06FPu9UdIJO0beYbPhHN4k6apgJtifcoCtT9bcxOpYBtpD2kCM6Sbzg4CausW/PKQ==}
    dev: false

  /json-parse-even-better-errors@2.3.1:
    resolution: {integrity: sha512-xyFwyhro/JEof6Ghe2iz2NcXoj2sloNsWr/XsERDK/oiPCfaNhl5ONfp+jQdAZRQQ0IJWNzH9zIZF7li91kh2w==}
    dev: true

  /json-schema-traverse@0.4.1:
    resolution: {integrity: sha512-xbbCH5dCYU5T8LcEhhuh7HJ88HXuW3qsI3Y0zOZFKfZEHcpWiHU/Jxzk629Brsab/mMiHQti9wMP+845RPe3Vg==}
    dev: true

  /json5@2.2.3:
    resolution: {integrity: sha512-XmOWe7eyHYH14cLdVPoyg+GOH3rYX++KpzrylJwSW98t3Nk+U8XOl8FWKOgwtzdb8lXGf6zYwDUzeHMWfxasyg==}
    engines: {node: '>=6'}
    hasBin: true
    dev: true

  /loader-runner@4.3.0:
    resolution: {integrity: sha512-3R/1M+yS3j5ou80Me59j7F9IMs4PXs3VqRrm0TU3AbKPxlmpoY1TNscJV/oGJXo8qCatFGTfDbY6W6ipGOYXfg==}
    engines: {node: '>=6.11.5'}
    dev: true

  /loader-utils@2.0.4:
    resolution: {integrity: sha512-xXqpXoINfFhgua9xiqD8fPFHgkoq1mmmpE92WlDbm9rNRd/EbRb+Gqf908T2DMfuHjjJlksiK2RbHVOdD/MqSw==}
    engines: {node: '>=8.9.0'}
    dependencies:
      big.js: 5.2.2
      emojis-list: 3.0.0
      json5: 2.2.3
    dev: true

  /loose-envify@1.4.0:
    resolution: {integrity: sha512-lyuxPGr/Wfhrlem2CL/UcnUc1zcqKAImBDzukY7Y5F/yQiNdko6+fRLevlw1HgMySw7f611UIY408EtxRSoK3Q==}
    hasBin: true
    dependencies:
      js-tokens: 4.0.0
    dev: false

  /lru-cache@6.0.0:
    resolution: {integrity: sha512-Jo6dJ04CmSjuznwJSS3pUeWmd/H0ffTlkXXgwZi+eq1UCmqQwCh+eLsYOYCwY991i2Fah4h1BEMCx4qThGbsiA==}
    engines: {node: '>=10'}
    dependencies:
      yallist: 4.0.0
    dev: false

  /merge-stream@2.0.0:
    resolution: {integrity: sha512-abv/qOcuPfk3URPfDzmZU1LKmuw8kT+0nIHvKrKgFrwifol/doWcdA4ZqsWQ8ENrFKkd67Mfpo/LovbIUsbt3w==}
    dev: true

  /mime-db@1.52.0:
    resolution: {integrity: sha512-sPU4uV7dYlvtWJxwwxHD0PuihVNiE7TyAbQ5SWxDCB9mUYvOgroQOwYQQOKPJ8CIbE+1ETVlOoK1UC2nU3gYvg==}
    engines: {node: '>= 0.6'}
    dev: true

  /mime-types@2.1.35:
    resolution: {integrity: sha512-ZDY+bPm5zTTF+YpCrAU9nK0UgICYPT0QtT1NZWFv4s++TNkcgVaT0g6+4R2uI4MjQjzysHB1zxuWL50hzaeXiw==}
    engines: {node: '>= 0.6'}
    dependencies:
      mime-db: 1.52.0
    dev: true

  /minimatch@5.1.6:
    resolution: {integrity: sha512-lKwV/1brpG6mBUFHtb7NUmtABCb2WZZmm2wNiOA5hAb8VdCS4B3dtMWyvcoViccwAW/COERjXLt0zP1zXUN26g==}
    engines: {node: '>=10'}
    dependencies:
      brace-expansion: 2.0.1
    dev: false

  /monaco-editor-webpack-plugin@7.0.1(monaco-editor@0.36.1)(webpack@5.79.0):
    resolution: {integrity: sha512-M8qIqizltrPlIbrb73cZdTWfU9sIsUVFvAZkL3KGjAHmVWEJ0hZKa/uad14JuOckc0GwnCaoGHvMoYtJjVyCzw==}
    peerDependencies:
      monaco-editor: '>= 0.31.0'
      webpack: ^4.5.0 || 5.x
    dependencies:
      loader-utils: 2.0.4
      monaco-editor: 0.36.1
      webpack: 5.79.0
    dev: true

  /monaco-editor@0.36.1:
    resolution: {integrity: sha512-/CaclMHKQ3A6rnzBzOADfwdSJ25BFoFT0Emxsc4zYVyav5SkK9iA6lEtIeuN/oRYbwPgviJT+t3l+sjFa28jYg==}

  /monaco-languageclient@5.0.1(@codingame/monaco-vscode-api@1.76.9):
    resolution: {integrity: sha512-zTEb8PQZpnYiKkJofdIArMikX7CyQ7205copJNWSCMlOK9eEsbCM8TYb+D7f+MNWt7aOBbustQuqhwjsI3ZYgw==}
    engines: {node: '>=16.11.0', npm: '>=9.0.0'}
    peerDependencies:
      vscode: npm:@codingame/monaco-vscode-api@~1.76.6
    dependencies:
      vscode: /@codingame/monaco-vscode-api@1.76.9(monaco-editor@0.36.1)(vscode-oniguruma@1.7.0)(vscode-textmate@9.0.0)
      vscode-jsonrpc: 8.1.0
      vscode-languageclient: 8.1.0
    dev: false

  /nanoid@3.3.6:
    resolution: {integrity: sha512-BGcqMMJuToF7i1rt+2PWSNVnWIkGCU78jBG3RxO/bZlnZPK2Cmi2QaffxGO/2RvWi9sL+FAiRiXMgsyxQ1DIDA==}
    engines: {node: ^10 || ^12 || ^13.7 || ^14 || >=15.0.1}
    hasBin: true
    dev: false

  /neo-async@2.6.2:
    resolution: {integrity: sha512-Yd3UES5mWCSqR+qNT93S3UoYUkqAZ9lLg8a7g9rimsWmYGK8cVToA4/sF3RrshdyV3sAGMXVUmpMYOw+dLpOuw==}
    dev: true

  /next@13.3.0(react-dom@18.2.0)(react@18.2.0):
    resolution: {integrity: sha512-OVTw8MpIPa12+DCUkPqRGPS3thlJPcwae2ZL4xti3iBff27goH024xy4q2lhlsdoYiKOi8Kz6uJoLW/GXwgfOA==}
    engines: {node: '>=14.6.0'}
    hasBin: true
    peerDependencies:
      '@opentelemetry/api': ^1.1.0
      fibers: '>= 3.1.0'
      node-sass: ^6.0.0 || ^7.0.0
      react: ^18.2.0
      react-dom: ^18.2.0
      sass: ^1.3.0
    peerDependenciesMeta:
      '@opentelemetry/api':
        optional: true
      fibers:
        optional: true
      node-sass:
        optional: true
      sass:
        optional: true
    dependencies:
      '@next/env': 13.3.0
      '@swc/helpers': 0.4.14
      busboy: 1.6.0
      caniuse-lite: 1.0.30001480
      postcss: 8.4.14
      react: 18.2.0
      react-dom: 18.2.0(react@18.2.0)
      styled-jsx: 5.1.1(react@18.2.0)
    optionalDependencies:
      '@next/swc-darwin-arm64': 13.3.0
      '@next/swc-darwin-x64': 13.3.0
      '@next/swc-linux-arm64-gnu': 13.3.0
      '@next/swc-linux-arm64-musl': 13.3.0
      '@next/swc-linux-x64-gnu': 13.3.0
      '@next/swc-linux-x64-musl': 13.3.0
      '@next/swc-win32-arm64-msvc': 13.3.0
      '@next/swc-win32-ia32-msvc': 13.3.0
      '@next/swc-win32-x64-msvc': 13.3.0
    transitivePeerDependencies:
      - '@babel/core'
      - babel-plugin-macros
    dev: false

  /node-releases@2.0.10:
    resolution: {integrity: sha512-5GFldHPXVG/YZmFzJvKK2zDSzPKhEp0+ZR5SVaoSag9fsL5YgHbUHDfnG5494ISANDcK4KwPXAx2xqVEydmd7w==}
    dev: true

  /picocolors@1.0.0:
    resolution: {integrity: sha512-1fygroTLlHu66zi26VoTDv8yRgm0Fccecssto+MhsZ0D/DGW2sm8E8AjW7NU5VVTRt5GxbeZ5qBuJr+HyLYkjQ==}

  /postcss@8.4.14:
    resolution: {integrity: sha512-E398TUmfAYFPBSdzgeieK2Y1+1cpdxJx8yXbK/m57nRhKSmk1GB2tO4lbLBtlkfPQTDKfe4Xqv1ASWPpayPEig==}
    engines: {node: ^10 || ^12 || >=14}
    dependencies:
      nanoid: 3.3.6
      picocolors: 1.0.0
      source-map-js: 1.0.2
    dev: false

  /punycode@2.3.0:
    resolution: {integrity: sha512-rRV+zQD8tVFys26lAGR9WUuS4iUAngJScM+ZRSKtvl5tKeZ2t5bvdNFdNHBW9FWR4guGHlgmsZ1G7BSm2wTbuA==}
    engines: {node: '>=6'}
    dev: true

  /randombytes@2.1.0:
    resolution: {integrity: sha512-vYl3iOX+4CKUWuxGi9Ukhie6fsqXqS9FE2Zaic4tNFD2N2QQaXOMFbuKK4QmDHC0JO6B1Zp41J0LpT0oR68amQ==}
    dependencies:
      safe-buffer: 5.2.1
    dev: true

  /react-dom@18.2.0(react@18.2.0):
    resolution: {integrity: sha512-6IMTriUmvsjHUjNtEDudZfuDQUoWXVxKHhlEGSk81n4YFS+r/Kl99wXiwlVXtPBtJenozv2P+hxDsw9eA7Xo6g==}
    peerDependencies:
      react: ^18.2.0
    dependencies:
      loose-envify: 1.4.0
      react: 18.2.0
      scheduler: 0.23.0
    dev: false

  /react@18.2.0:
    resolution: {integrity: sha512-/3IjMdb2L9QbBdWiW5e3P2/npwMBaU9mHCSCUzNln0ZCYbcfTsGbTJrU/kGemdH2IWmB2ioZ+zkxtmq6g09fGQ==}
    engines: {node: '>=0.10.0'}
    dependencies:
      loose-envify: 1.4.0
    dev: false

  /safe-buffer@5.2.1:
    resolution: {integrity: sha512-rp3So07KcdmmKbGvgaNxQSJr7bGVSVk5S9Eq1F+ppbRo70+YeaDxkw5Dd8NPN+GD6bjnYm2VuPuCXmpuYvmCXQ==}
    dev: true

  /scheduler@0.23.0:
    resolution: {integrity: sha512-CtuThmgHNg7zIZWAXi3AsyIzA3n4xx7aNyjwC2VJldO2LMVDhFK+63xGqq6CsJH4rTAt6/M+N4GhZiDYPx9eUw==}
    dependencies:
      loose-envify: 1.4.0
    dev: false

  /schema-utils@3.1.2:
    resolution: {integrity: sha512-pvjEHOgWc9OWA/f/DE3ohBWTD6EleVLf7iFUkoSwAxttdBhB9QUebQgxER2kWueOvRJXPHNnyrvvh9eZINB8Eg==}
    engines: {node: '>= 10.13.0'}
    dependencies:
      '@types/json-schema': 7.0.11
      ajv: 6.12.6
      ajv-keywords: 3.5.2(ajv@6.12.6)
    dev: true

  /semver@7.5.0:
    resolution: {integrity: sha512-+XC0AD/R7Q2mPSRuy2Id0+CGTZ98+8f+KvwirxOKIEyid+XSx6HbC63p+O4IndTHuX5Z+JxQ0TghCkO5Cg/2HA==}
    engines: {node: '>=10'}
    hasBin: true
    dependencies:
      lru-cache: 6.0.0
    dev: false

  /serialize-javascript@6.0.1:
    resolution: {integrity: sha512-owoXEFjWRllis8/M1Q+Cw5k8ZH40e3zhp/ovX+Xr/vi1qj6QesbyXXViFbpNvWvPNAD62SutwEXavefrLJWj7w==}
    dependencies:
      randombytes: 2.1.0
    dev: true

  /source-map-js@1.0.2:
    resolution: {integrity: sha512-R0XvVJ9WusLiqTCEiGCmICCMplcCkIwwR11mOSD9CR5u+IXYdiseeEuXCVAjS54zqwkLcPNnmU4OeJ6tUrWhDw==}
    engines: {node: '>=0.10.0'}
    dev: false

  /source-map-support@0.5.21:
    resolution: {integrity: sha512-uBHU3L3czsIyYXKX88fdrGovxdSCoTGDRZ6SYXtSRxLZUzHg5P/66Ht6uoUlHu9EZod+inXhKo3qQgwXUT/y1w==}
    dependencies:
      buffer-from: 1.1.2
      source-map: 0.6.1
    dev: true

  /source-map@0.6.1:
    resolution: {integrity: sha512-UjgapumWlbMhkBgzT7Ykc5YXUT46F0iKu8SGXq0bcwP5dz/h0Plj6enJqjz1Zbq2l5WaqYnrVbwWOWMyF3F47g==}
    engines: {node: '>=0.10.0'}
    dev: true

  /streamsearch@1.1.0:
    resolution: {integrity: sha512-Mcc5wHehp9aXz1ax6bZUyY5afg9u2rv5cqQI3mRrYkGC8rW2hM02jWuwjtL++LS5qinSyhj2QfLyNsuc+VsExg==}
    engines: {node: '>=10.0.0'}
    dev: false

  /styled-jsx@5.1.1(react@18.2.0):
    resolution: {integrity: sha512-pW7uC1l4mBZ8ugbiZrcIsiIvVx1UmTfw7UkC3Um2tmfUq9Bhk8IiyEIPl6F8agHgjzku6j0xQEZbfA5uSgSaCw==}
    engines: {node: '>= 12.0.0'}
    peerDependencies:
      '@babel/core': '*'
      babel-plugin-macros: '*'
      react: '>= 16.8.0 || 17.x.x || ^18.0.0-0'
    peerDependenciesMeta:
      '@babel/core':
        optional: true
      babel-plugin-macros:
        optional: true
    dependencies:
      client-only: 0.0.1
      react: 18.2.0
    dev: false

  /supports-color@8.1.1:
    resolution: {integrity: sha512-MpUEN2OodtUzxvKQl72cUF7RQ5EiHsGvSsVG0ia9c5RbWGL2CI4C7EpPS8UTBIplnlzZiNuV56w+FuNxy3ty2Q==}
    engines: {node: '>=10'}
    dependencies:
      has-flag: 4.0.0
    dev: true

  /tapable@2.2.1:
    resolution: {integrity: sha512-GNzQvQTOIP6RyTfE2Qxb8ZVlNmw0n88vp1szwWRimP02mnTsx3Wtn5qRdqY9w2XduFNUgvOwhNnQsjwCp+kqaQ==}
    engines: {node: '>=6'}
    dev: true

  /terser-webpack-plugin@5.3.7(webpack@5.79.0):
    resolution: {integrity: sha512-AfKwIktyP7Cu50xNjXF/6Qb5lBNzYaWpU6YfoX3uZicTx0zTy0stDDCsvjDapKsSDvOeWo5MEq4TmdBy2cNoHw==}
    engines: {node: '>= 10.13.0'}
    peerDependencies:
      '@swc/core': '*'
      esbuild: '*'
      uglify-js: '*'
      webpack: ^5.1.0
    peerDependenciesMeta:
      '@swc/core':
        optional: true
      esbuild:
        optional: true
      uglify-js:
        optional: true
    dependencies:
      '@jridgewell/trace-mapping': 0.3.18
      jest-worker: 27.5.1
      schema-utils: 3.1.2
      serialize-javascript: 6.0.1
      terser: 5.17.1
      webpack: 5.79.0
    dev: true

  /terser@5.17.1:
    resolution: {integrity: sha512-hVl35zClmpisy6oaoKALOpS0rDYLxRFLHhRuDlEGTKey9qHjS1w9GMORjuwIMt70Wan4lwsLYyWDVnWgF+KUEw==}
    engines: {node: '>=10'}
    hasBin: true
    dependencies:
      '@jridgewell/source-map': 0.3.3
      acorn: 8.8.2
      commander: 2.20.3
      source-map-support: 0.5.21
    dev: true

  /tslib@2.5.0:
    resolution: {integrity: sha512-336iVw3rtn2BUK7ORdIAHTyxHGRIHVReokCR3XjbckJMK7ms8FysBfhLR8IXnAgy7T0PTPNBWKiH514FOW/WSg==}
    dev: false

  /update-browserslist-db@1.0.11(browserslist@4.21.5):
    resolution: {integrity: sha512-dCwEFf0/oT85M1fHBg4F0jtLwJrutGoHSQXCh7u4o2t1drG+c0a9Flnqww6XUKSfQMPpJBRjU8d4RXB09qtvaA==}
    hasBin: true
    peerDependencies:
      browserslist: '>= 4.21.0'
    dependencies:
      browserslist: 4.21.5
      escalade: 3.1.1
      picocolors: 1.0.0
    dev: true

  /uri-js@4.4.1:
    resolution: {integrity: sha512-7rKUyy33Q1yc98pQ1DAmLtwX109F7TIfWlW1Ydo8Wl1ii1SeHieeh0HHfPeL2fMXK6z0s8ecKs9frCuLJvndBg==}
    dependencies:
      punycode: 2.3.0
    dev: true

  /vscode-jsonrpc@8.1.0:
    resolution: {integrity: sha512-6TDy/abTQk+zDGYazgbIPc+4JoXdwC8NHU9Pbn4UJP1fehUyZmM4RHp5IthX7A6L5KS30PRui+j+tbbMMMafdw==}
    engines: {node: '>=14.0.0'}
    dev: false

  /vscode-languageclient@8.1.0:
    resolution: {integrity: sha512-GL4QdbYUF/XxQlAsvYWZRV3V34kOkpRlvV60/72ghHfsYFnS/v2MANZ9P6sHmxFcZKOse8O+L9G7Czg0NUWing==}
    engines: {vscode: ^1.67.0}
    dependencies:
      minimatch: 5.1.6
      semver: 7.5.0
      vscode-languageserver-protocol: 3.17.3
    dev: false

  /vscode-languageserver-protocol@3.17.3:
    resolution: {integrity: sha512-924/h0AqsMtA5yK22GgMtCYiMdCOtWTSGgUOkgEDX+wk2b0x4sAfLiO4NxBxqbiVtz7K7/1/RgVrVI0NClZwqA==}
    dependencies:
      vscode-jsonrpc: 8.1.0
      vscode-languageserver-types: 3.17.3
    dev: false

  /vscode-languageserver-types@3.17.3:
    resolution: {integrity: sha512-SYU4z1dL0PyIMd4Vj8YOqFvHu7Hz/enbWtpfnVbJHU4Nd1YNYx8u0ennumc6h48GQNeOLxmwySmnADouT/AuZA==}
    dev: false

  /vscode-oniguruma@1.7.0:
    resolution: {integrity: sha512-L9WMGRfrjOhgHSdOYgCt/yRMsXzLDJSL7BPrOZt73gU0iWO4mpqzqQzOz5srxqTvMBaR0XZTSrVWo4j55Rc6cA==}
    dev: false

  /vscode-textmate@9.0.0:
    resolution: {integrity: sha512-Cl65diFGxz7gpwbav10HqiY/eVYTO1sjQpmRmV991Bj7wAoOAjGQ97PpQcXorDE2Uc4hnGWLY17xme+5t6MlSg==}
    dev: false

  /watchpack@2.4.0:
    resolution: {integrity: sha512-Lcvm7MGST/4fup+ifyKi2hjyIAwcdI4HRgtvTpIUxBRhB+RFtUh8XtDOxUfctVCnhVi+QQj49i91OyvzkJl6cg==}
    engines: {node: '>=10.13.0'}
    dependencies:
      glob-to-regexp: 0.4.1
      graceful-fs: 4.2.11
    dev: true

  /webpack-sources@3.2.3:
    resolution: {integrity: sha512-/DyMEOrDgLKKIG0fmvtz+4dUX/3Ghozwgm6iPp8KRhvn+eQf9+Q7GWxVNMk3+uCPWfdXYC4ExGBckIXdFEfH1w==}
    engines: {node: '>=10.13.0'}
    dev: true

  /webpack@5.79.0:
    resolution: {integrity: sha512-3mN4rR2Xq+INd6NnYuL9RC9GAmc1ROPKJoHhrZ4pAjdMFEkJJWrsPw8o2JjCIyQyTu7rTXYn4VG6OpyB3CobZg==}
    engines: {node: '>=10.13.0'}
    hasBin: true
    peerDependencies:
      webpack-cli: '*'
    peerDependenciesMeta:
      webpack-cli:
        optional: true
    dependencies:
      '@types/eslint-scope': 3.7.4
      '@types/estree': 1.0.1
      '@webassemblyjs/ast': 1.11.1
      '@webassemblyjs/wasm-edit': 1.11.1
      '@webassemblyjs/wasm-parser': 1.11.1
      acorn: 8.8.2
      acorn-import-assertions: 1.8.0(acorn@8.8.2)
      browserslist: 4.21.5
      chrome-trace-event: 1.0.3
      enhanced-resolve: 5.12.0
      es-module-lexer: 1.2.1
      eslint-scope: 5.1.1
      events: 3.3.0
      glob-to-regexp: 0.4.1
      graceful-fs: 4.2.11
      json-parse-even-better-errors: 2.3.1
      loader-runner: 4.3.0
      mime-types: 2.1.35
      neo-async: 2.6.2
      schema-utils: 3.1.2
      tapable: 2.2.1
      terser-webpack-plugin: 5.3.7(webpack@5.79.0)
      watchpack: 2.4.0
      webpack-sources: 3.2.3
    transitivePeerDependencies:
      - '@swc/core'
      - esbuild
      - uglify-js
    dev: true

  /yallist@4.0.0:
    resolution: {integrity: sha512-3wdGidZyq5PB084XLES5TpOSRA3wjXAlIWMhum2kRcv/41Sn2emQ0dycQW4uZXLejwKvg6EsvbdlVL+FYEct7A==}
    dev: false
